// !$*UTF8*$!
{
	archiveVersion = 1;
	classes = {
	};
	objectVersion = 46;
	objects = {

/* Begin PBXBuildFile section */
		635AD24F1F499A8F002AFE0D /* main.m in Sources */ = {isa = PBXBuildFile; fileRef = 635AD24E1F499A8F002AFE0D /* main.m */; };
		635AD2521F499A8F002AFE0D /* AppDelegate.m in Sources */ = {isa = PBXBuildFile; fileRef = 635AD2511F499A8F002AFE0D /* AppDelegate.m */; };
		635AD2551F499A8F002AFE0D /* ViewController.m in Sources */ = {isa = PBXBuildFile; fileRef = 635AD2541F499A8F002AFE0D /* ViewController.m */; };
		635AD2581F499A8F002AFE0D /* Main.storyboard in Resources */ = {isa = PBXBuildFile; fileRef = 635AD2561F499A8F002AFE0D /* Main.storyboard */; };
		635AD25A1F499A8F002AFE0D /* Assets.xcassets in Resources */ = {isa = PBXBuildFile; fileRef = 635AD2591F499A8F002AFE0D /* Assets.xcassets */; };
		635AD25D1F499A8F002AFE0D /* LaunchScreen.storyboard in Resources */ = {isa = PBXBuildFile; fileRef = 635AD25B1F499A8F002AFE0D /* LaunchScreen.storyboard */; };
		635AD2681F499A90002AFE0D /* CarouselKitSampleTests.m in Sources */ = {isa = PBXBuildFile; fileRef = 635AD2671F499A90002AFE0D /* CarouselKitSampleTests.m */; };
		635AD28D1F499E3F002AFE0D /* CarouselKit.framework in Frameworks */ = {isa = PBXBuildFile; fileRef = 635AD2841F499E3F002AFE0D /* CarouselKit.framework */; };
		635AD2941F499E3F002AFE0D /* CarouselKitTests.m in Sources */ = {isa = PBXBuildFile; fileRef = 635AD2931F499E3F002AFE0D /* CarouselKitTests.m */; };
		635AD2961F499E3F002AFE0D /* CarouselKit.h in Headers */ = {isa = PBXBuildFile; fileRef = 635AD2861F499E3F002AFE0D /* CarouselKit.h */; settings = {ATTRIBUTES = (Public, ); }; };
		635AD2991F499E3F002AFE0D /* CarouselKit.framework in Frameworks */ = {isa = PBXBuildFile; fileRef = 635AD2841F499E3F002AFE0D /* CarouselKit.framework */; };
		635AD29A1F499E3F002AFE0D /* CarouselKit.framework in Embed Frameworks */ = {isa = PBXBuildFile; fileRef = 635AD2841F499E3F002AFE0D /* CarouselKit.framework */; settings = {ATTRIBUTES = (CodeSignOnCopy, RemoveHeadersOnCopy, ); }; };
		635AD2AD1F49B357002AFE0D /* iCarousel.h in Headers */ = {isa = PBXBuildFile; fileRef = 635AD2AB1F49B357002AFE0D /* iCarousel.h */; settings = {ATTRIBUTES = (Public, ); }; };
		635AD2AE1F49B357002AFE0D /* iCarousel.m in Sources */ = {isa = PBXBuildFile; fileRef = 635AD2AC1F49B357002AFE0D /* iCarousel.m */; };
		635AD2AF1F49B357002AFE0D /* iCarousel.m in Sources */ = {isa = PBXBuildFile; fileRef = 635AD2AC1F49B357002AFE0D /* iCarousel.m */; };
		635AD2B41F49B384002AFE0D /* background.png in Resources */ = {isa = PBXBuildFile; fileRef = 635AD2B11F49B384002AFE0D /* background.png */; };
		635AD2B61F49B384002AFE0D /* page.png in Resources */ = {isa = PBXBuildFile; fileRef = 635AD2B21F49B384002AFE0D /* page.png */; };
		635AD2B81F49B384002AFE0D /* placeholder.png in Resources */ = {isa = PBXBuildFile; fileRef = 635AD2B31F49B384002AFE0D /* placeholder.png */; };
/* End PBXBuildFile section */

/* Begin PBXContainerItemProxy section */
		635AD2641F499A90002AFE0D /* PBXContainerItemProxy */ = {
			isa = PBXContainerItemProxy;
			containerPortal = 635AD2421F499A8F002AFE0D /* Project object */;
			proxyType = 1;
			remoteGlobalIDString = 635AD2491F499A8F002AFE0D;
			remoteInfo = CarouselKitSample;
		};
		635AD28E1F499E3F002AFE0D /* PBXContainerItemProxy */ = {
			isa = PBXContainerItemProxy;
			containerPortal = 635AD2421F499A8F002AFE0D /* Project object */;
			proxyType = 1;
			remoteGlobalIDString = 635AD2831F499E3F002AFE0D;
			remoteInfo = CarouselKit;
		};
		635AD2901F499E3F002AFE0D /* PBXContainerItemProxy */ = {
			isa = PBXContainerItemProxy;
			containerPortal = 635AD2421F499A8F002AFE0D /* Project object */;
			proxyType = 1;
			remoteGlobalIDString = 635AD2491F499A8F002AFE0D;
			remoteInfo = CarouselKitSample;
		};
		635AD2971F499E3F002AFE0D /* PBXContainerItemProxy */ = {
			isa = PBXContainerItemProxy;
			containerPortal = 635AD2421F499A8F002AFE0D /* Project object */;
			proxyType = 1;
			remoteGlobalIDString = 635AD2831F499E3F002AFE0D;
			remoteInfo = CarouselKit;
		};
/* End PBXContainerItemProxy section */

/* Begin PBXCopyFilesBuildPhase section */
		635AD29E1F499E3F002AFE0D /* Embed Frameworks */ = {
			isa = PBXCopyFilesBuildPhase;
			buildActionMask = 2147483647;
			dstPath = "";
			dstSubfolderSpec = 10;
			files = (
				635AD29A1F499E3F002AFE0D /* CarouselKit.framework in Embed Frameworks */,
			);
			name = "Embed Frameworks";
			runOnlyForDeploymentPostprocessing = 0;
		};
/* End PBXCopyFilesBuildPhase section */

/* Begin PBXFileReference section */
		635AD24A1F499A8F002AFE0D /* CarouselKitSample.app */ = {isa = PBXFileReference; explicitFileType = wrapper.application; includeInIndex = 0; path = CarouselKitSample.app; sourceTree = BUILT_PRODUCTS_DIR; };
		635AD24E1F499A8F002AFE0D /* main.m */ = {isa = PBXFileReference; lastKnownFileType = sourcecode.c.objc; path = main.m; sourceTree = "<group>"; };
		635AD2501F499A8F002AFE0D /* AppDelegate.h */ = {isa = PBXFileReference; lastKnownFileType = sourcecode.c.h; path = AppDelegate.h; sourceTree = "<group>"; };
		635AD2511F499A8F002AFE0D /* AppDelegate.m */ = {isa = PBXFileReference; lastKnownFileType = sourcecode.c.objc; path = AppDelegate.m; sourceTree = "<group>"; };
		635AD2531F499A8F002AFE0D /* ViewController.h */ = {isa = PBXFileReference; lastKnownFileType = sourcecode.c.h; path = ViewController.h; sourceTree = "<group>"; };
		635AD2541F499A8F002AFE0D /* ViewController.m */ = {isa = PBXFileReference; lastKnownFileType = sourcecode.c.objc; path = ViewController.m; sourceTree = "<group>"; };
		635AD2571F499A8F002AFE0D /* Base */ = {isa = PBXFileReference; lastKnownFileType = file.storyboard; name = Base; path = Base.lproj/Main.storyboard; sourceTree = "<group>"; };
		635AD2591F499A8F002AFE0D /* Assets.xcassets */ = {isa = PBXFileReference; lastKnownFileType = folder.assetcatalog; path = Assets.xcassets; sourceTree = "<group>"; };
		635AD25C1F499A8F002AFE0D /* Base */ = {isa = PBXFileReference; lastKnownFileType = file.storyboard; name = Base; path = Base.lproj/LaunchScreen.storyboard; sourceTree = "<group>"; };
		635AD25E1F499A8F002AFE0D /* Info.plist */ = {isa = PBXFileReference; lastKnownFileType = text.plist.xml; path = Info.plist; sourceTree = "<group>"; };
		635AD2631F499A90002AFE0D /* CarouselKitSampleTests.xctest */ = {isa = PBXFileReference; explicitFileType = wrapper.cfbundle; includeInIndex = 0; path = CarouselKitSampleTests.xctest; sourceTree = BUILT_PRODUCTS_DIR; };
		635AD2671F499A90002AFE0D /* CarouselKitSampleTests.m */ = {isa = PBXFileReference; lastKnownFileType = sourcecode.c.objc; path = CarouselKitSampleTests.m; sourceTree = "<group>"; };
		635AD2691F499A90002AFE0D /* Info.plist */ = {isa = PBXFileReference; lastKnownFileType = text.plist.xml; path = Info.plist; sourceTree = "<group>"; };
		635AD2841F499E3F002AFE0D /* CarouselKit.framework */ = {isa = PBXFileReference; explicitFileType = wrapper.framework; includeInIndex = 0; path = CarouselKit.framework; sourceTree = BUILT_PRODUCTS_DIR; };
		635AD2861F499E3F002AFE0D /* CarouselKit.h */ = {isa = PBXFileReference; lastKnownFileType = sourcecode.c.h; path = CarouselKit.h; sourceTree = "<group>"; };
		635AD2871F499E3F002AFE0D /* Info.plist */ = {isa = PBXFileReference; lastKnownFileType = text.plist.xml; path = Info.plist; sourceTree = "<group>"; };
		635AD28C1F499E3F002AFE0D /* CarouselKitTests.xctest */ = {isa = PBXFileReference; explicitFileType = wrapper.cfbundle; includeInIndex = 0; path = CarouselKitTests.xctest; sourceTree = BUILT_PRODUCTS_DIR; };
		635AD2931F499E3F002AFE0D /* CarouselKitTests.m */ = {isa = PBXFileReference; lastKnownFileType = sourcecode.c.objc; path = CarouselKitTests.m; sourceTree = "<group>"; };
		635AD2951F499E3F002AFE0D /* Info.plist */ = {isa = PBXFileReference; lastKnownFileType = text.plist.xml; path = Info.plist; sourceTree = "<group>"; };
		635AD2AB1F49B357002AFE0D /* iCarousel.h */ = {isa = PBXFileReference; fileEncoding = 4; lastKnownFileType = sourcecode.c.h; path = iCarousel.h; sourceTree = "<group>"; };
		635AD2AC1F49B357002AFE0D /* iCarousel.m */ = {isa = PBXFileReference; fileEncoding = 4; lastKnownFileType = sourcecode.c.objc; path = iCarousel.m; sourceTree = "<group>"; };
		635AD2B11F49B384002AFE0D /* background.png */ = {isa = PBXFileReference; lastKnownFileType = image.png; path = background.png; sourceTree = "<group>"; };
		635AD2B21F49B384002AFE0D /* page.png */ = {isa = PBXFileReference; lastKnownFileType = image.png; path = page.png; sourceTree = "<group>"; };
		635AD2B31F49B384002AFE0D /* placeholder.png */ = {isa = PBXFileReference; lastKnownFileType = image.png; path = placeholder.png; sourceTree = "<group>"; };
/* End PBXFileReference section */

/* Begin PBXFrameworksBuildPhase section */
		635AD2471F499A8F002AFE0D /* Frameworks */ = {
			isa = PBXFrameworksBuildPhase;
			buildActionMask = 2147483647;
			files = (
				635AD2991F499E3F002AFE0D /* CarouselKit.framework in Frameworks */,
			);
			runOnlyForDeploymentPostprocessing = 0;
		};
		635AD2601F499A8F002AFE0D /* Frameworks */ = {
			isa = PBXFrameworksBuildPhase;
			buildActionMask = 2147483647;
			files = (
			);
			runOnlyForDeploymentPostprocessing = 0;
		};
		635AD2801F499E3F002AFE0D /* Frameworks */ = {
			isa = PBXFrameworksBuildPhase;
			buildActionMask = 2147483647;
			files = (
			);
			runOnlyForDeploymentPostprocessing = 0;
		};
		635AD2891F499E3F002AFE0D /* Frameworks */ = {
			isa = PBXFrameworksBuildPhase;
			buildActionMask = 2147483647;
			files = (
				635AD28D1F499E3F002AFE0D /* CarouselKit.framework in Frameworks */,
			);
			runOnlyForDeploymentPostprocessing = 0;
		};
/* End PBXFrameworksBuildPhase section */

/* Begin PBXGroup section */
		635AD2411F499A8F002AFE0D = {
			isa = PBXGroup;
			children = (
				635AD2AA1F49B357002AFE0D /* iCarousel */,
				635AD2B01F49B384002AFE0D /* Resources */,
				635AD24C1F499A8F002AFE0D /* CarouselKitSample */,
				635AD2661F499A90002AFE0D /* CarouselKitSampleTests */,
				635AD2851F499E3F002AFE0D /* CarouselKit */,
				635AD2921F499E3F002AFE0D /* CarouselKitTests */,
				635AD24B1F499A8F002AFE0D /* Products */,
			);
			sourceTree = "<group>";
		};
		635AD24B1F499A8F002AFE0D /* Products */ = {
			isa = PBXGroup;
			children = (
				635AD24A1F499A8F002AFE0D /* CarouselKitSample.app */,
				635AD2631F499A90002AFE0D /* CarouselKitSampleTests.xctest */,
				635AD2841F499E3F002AFE0D /* CarouselKit.framework */,
				635AD28C1F499E3F002AFE0D /* CarouselKitTests.xctest */,
			);
			name = Products;
			sourceTree = "<group>";
		};
		635AD24C1F499A8F002AFE0D /* CarouselKitSample */ = {
			isa = PBXGroup;
			children = (
				635AD2501F499A8F002AFE0D /* AppDelegate.h */,
				635AD2511F499A8F002AFE0D /* AppDelegate.m */,
				635AD2531F499A8F002AFE0D /* ViewController.h */,
				635AD2541F499A8F002AFE0D /* ViewController.m */,
				635AD2561F499A8F002AFE0D /* Main.storyboard */,
				635AD2591F499A8F002AFE0D /* Assets.xcassets */,
				635AD25B1F499A8F002AFE0D /* LaunchScreen.storyboard */,
				635AD25E1F499A8F002AFE0D /* Info.plist */,
				635AD24D1F499A8F002AFE0D /* Supporting Files */,
			);
			path = CarouselKitSample;
			sourceTree = "<group>";
		};
		635AD24D1F499A8F002AFE0D /* Supporting Files */ = {
			isa = PBXGroup;
			children = (
				635AD24E1F499A8F002AFE0D /* main.m */,
			);
			name = "Supporting Files";
			sourceTree = "<group>";
		};
		635AD2661F499A90002AFE0D /* CarouselKitSampleTests */ = {
			isa = PBXGroup;
			children = (
				635AD2671F499A90002AFE0D /* CarouselKitSampleTests.m */,
				635AD2691F499A90002AFE0D /* Info.plist */,
			);
			path = CarouselKitSampleTests;
			sourceTree = "<group>";
		};
		635AD2851F499E3F002AFE0D /* CarouselKit */ = {
			isa = PBXGroup;
			children = (
				635AD2861F499E3F002AFE0D /* CarouselKit.h */,
				635AD2871F499E3F002AFE0D /* Info.plist */,
			);
			path = CarouselKit;
			sourceTree = "<group>";
		};
		635AD2921F499E3F002AFE0D /* CarouselKitTests */ = {
			isa = PBXGroup;
			children = (
				635AD2931F499E3F002AFE0D /* CarouselKitTests.m */,
				635AD2951F499E3F002AFE0D /* Info.plist */,
			);
			path = CarouselKitTests;
			sourceTree = "<group>";
		};
		635AD2AA1F49B357002AFE0D /* iCarousel */ = {
			isa = PBXGroup;
			children = (
				635AD2AB1F49B357002AFE0D /* iCarousel.h */,
				635AD2AC1F49B357002AFE0D /* iCarousel.m */,
			);
			name = iCarousel;
			path = ../Carousel/iCarousel;
			sourceTree = "<group>";
		};
		635AD2B01F49B384002AFE0D /* Resources */ = {
			isa = PBXGroup;
			children = (
				635AD2B11F49B384002AFE0D /* background.png */,
				635AD2B21F49B384002AFE0D /* page.png */,
				635AD2B31F49B384002AFE0D /* placeholder.png */,
			);
			name = Resources;
			path = ../Carousel/src/Examples/Resources;
			sourceTree = "<group>";
		};
/* End PBXGroup section */

/* Begin PBXHeadersBuildPhase section */
		635AD2811F499E3F002AFE0D /* Headers */ = {
			isa = PBXHeadersBuildPhase;
			buildActionMask = 2147483647;
			files = (
				635AD2AD1F49B357002AFE0D /* iCarousel.h in Headers */,
				635AD2961F499E3F002AFE0D /* CarouselKit.h in Headers */,
			);
			runOnlyForDeploymentPostprocessing = 0;
		};
/* End PBXHeadersBuildPhase section */

/* Begin PBXNativeTarget section */
		635AD2491F499A8F002AFE0D /* CarouselKitSample */ = {
			isa = PBXNativeTarget;
			buildConfigurationList = 635AD26C1F499A90002AFE0D /* Build configuration list for PBXNativeTarget "CarouselKitSample" */;
			buildPhases = (
				635AD2461F499A8F002AFE0D /* Sources */,
				635AD2471F499A8F002AFE0D /* Frameworks */,
				635AD2481F499A8F002AFE0D /* Resources */,
				635AD29E1F499E3F002AFE0D /* Embed Frameworks */,
			);
			buildRules = (
			);
			dependencies = (
				635AD2981F499E3F002AFE0D /* PBXTargetDependency */,
			);
			name = CarouselKitSample;
			productName = CarouselKitSample;
			productReference = 635AD24A1F499A8F002AFE0D /* CarouselKitSample.app */;
			productType = "com.apple.product-type.application";
		};
		635AD2621F499A8F002AFE0D /* CarouselKitSampleTests */ = {
			isa = PBXNativeTarget;
			buildConfigurationList = 635AD26F1F499A90002AFE0D /* Build configuration list for PBXNativeTarget "CarouselKitSampleTests" */;
			buildPhases = (
				635AD25F1F499A8F002AFE0D /* Sources */,
				635AD2601F499A8F002AFE0D /* Frameworks */,
				635AD2611F499A8F002AFE0D /* Resources */,
			);
			buildRules = (
			);
			dependencies = (
				635AD2651F499A90002AFE0D /* PBXTargetDependency */,
			);
			name = CarouselKitSampleTests;
			productName = CarouselKitSampleTests;
			productReference = 635AD2631F499A90002AFE0D /* CarouselKitSampleTests.xctest */;
			productType = "com.apple.product-type.bundle.unit-test";
		};
		635AD2831F499E3F002AFE0D /* CarouselKit */ = {
			isa = PBXNativeTarget;
			buildConfigurationList = 635AD29B1F499E3F002AFE0D /* Build configuration list for PBXNativeTarget "CarouselKit" */;
			buildPhases = (
				635AD27F1F499E3F002AFE0D /* Sources */,
				635AD2801F499E3F002AFE0D /* Frameworks */,
				635AD2811F499E3F002AFE0D /* Headers */,
				635AD2821F499E3F002AFE0D /* Resources */,
			);
			buildRules = (
			);
			dependencies = (
			);
			name = CarouselKit;
			productName = CarouselKit;
			productReference = 635AD2841F499E3F002AFE0D /* CarouselKit.framework */;
			productType = "com.apple.product-type.framework";
		};
		635AD28B1F499E3F002AFE0D /* CarouselKitTests */ = {
			isa = PBXNativeTarget;
			buildConfigurationList = 635AD29F1F499E3F002AFE0D /* Build configuration list for PBXNativeTarget "CarouselKitTests" */;
			buildPhases = (
				635AD2881F499E3F002AFE0D /* Sources */,
				635AD2891F499E3F002AFE0D /* Frameworks */,
				635AD28A1F499E3F002AFE0D /* Resources */,
			);
			buildRules = (
			);
			dependencies = (
				635AD28F1F499E3F002AFE0D /* PBXTargetDependency */,
				635AD2911F499E3F002AFE0D /* PBXTargetDependency */,
			);
			name = CarouselKitTests;
			productName = CarouselKitTests;
			productReference = 635AD28C1F499E3F002AFE0D /* CarouselKitTests.xctest */;
			productType = "com.apple.product-type.bundle.unit-test";
		};
/* End PBXNativeTarget section */

/* Begin PBXProject section */
		635AD2421F499A8F002AFE0D /* Project object */ = {
			isa = PBXProject;
			attributes = {
				LastUpgradeCheck = 0830;
				ORGANIZATIONNAME = JQTech;
				TargetAttributes = {
					635AD2491F499A8F002AFE0D = {
						CreatedOnToolsVersion = 8.3.3;
						DevelopmentTeam = 4T9J35ZW6C;
						ProvisioningStyle = Automatic;
					};
					635AD2621F499A8F002AFE0D = {
						CreatedOnToolsVersion = 8.3.3;
						DevelopmentTeam = 4T9J35ZW6C;
						ProvisioningStyle = Automatic;
						TestTargetID = 635AD2491F499A8F002AFE0D;
					};
					635AD2831F499E3F002AFE0D = {
						CreatedOnToolsVersion = 8.3.3;
						DevelopmentTeam = 4T9J35ZW6C;
						ProvisioningStyle = Automatic;
					};
					635AD28B1F499E3F002AFE0D = {
						CreatedOnToolsVersion = 8.3.3;
						DevelopmentTeam = 4T9J35ZW6C;
						ProvisioningStyle = Automatic;
						TestTargetID = 635AD2491F499A8F002AFE0D;
					};
				};
			};
			buildConfigurationList = 635AD2451F499A8F002AFE0D /* Build configuration list for PBXProject "CarouselKitSample" */;
			compatibilityVersion = "Xcode 3.2";
			developmentRegion = English;
			hasScannedForEncodings = 0;
			knownRegions = (
				en,
				Base,
			);
			mainGroup = 635AD2411F499A8F002AFE0D;
			productRefGroup = 635AD24B1F499A8F002AFE0D /* Products */;
			projectDirPath = "";
			projectRoot = "";
			targets = (
				635AD2491F499A8F002AFE0D /* CarouselKitSample */,
				635AD2621F499A8F002AFE0D /* CarouselKitSampleTests */,
				635AD2831F499E3F002AFE0D /* CarouselKit */,
				635AD28B1F499E3F002AFE0D /* CarouselKitTests */,
			);
		};
/* End PBXProject section */

/* Begin PBXResourcesBuildPhase section */
		635AD2481F499A8F002AFE0D /* Resources */ = {
			isa = PBXResourcesBuildPhase;
			buildActionMask = 2147483647;
			files = (
				635AD25D1F499A8F002AFE0D /* LaunchScreen.storyboard in Resources */,
				635AD2B81F49B384002AFE0D /* placeholder.png in Resources */,
				635AD2B61F49B384002AFE0D /* page.png in Resources */,
				635AD2B41F49B384002AFE0D /* background.png in Resources */,
				635AD25A1F499A8F002AFE0D /* Assets.xcassets in Resources */,
				635AD2581F499A8F002AFE0D /* Main.storyboard in Resources */,
			);
			runOnlyForDeploymentPostprocessing = 0;
		};
		635AD2611F499A8F002AFE0D /* Resources */ = {
			isa = PBXResourcesBuildPhase;
			buildActionMask = 2147483647;
			files = (
			);
			runOnlyForDeploymentPostprocessing = 0;
		};
		635AD2821F499E3F002AFE0D /* Resources */ = {
			isa = PBXResourcesBuildPhase;
			buildActionMask = 2147483647;
			files = (
			);
			runOnlyForDeploymentPostprocessing = 0;
		};
		635AD28A1F499E3F002AFE0D /* Resources */ = {
			isa = PBXResourcesBuildPhase;
			buildActionMask = 2147483647;
			files = (
			);
			runOnlyForDeploymentPostprocessing = 0;
		};
/* End PBXResourcesBuildPhase section */

/* Begin PBXSourcesBuildPhase section */
		635AD2461F499A8F002AFE0D /* Sources */ = {
			isa = PBXSourcesBuildPhase;
			buildActionMask = 2147483647;
			files = (
				635AD2551F499A8F002AFE0D /* ViewController.m in Sources */,
				635AD2AE1F49B357002AFE0D /* iCarousel.m in Sources */,
				635AD2521F499A8F002AFE0D /* AppDelegate.m in Sources */,
				635AD24F1F499A8F002AFE0D /* main.m in Sources */,
			);
			runOnlyForDeploymentPostprocessing = 0;
		};
		635AD25F1F499A8F002AFE0D /* Sources */ = {
			isa = PBXSourcesBuildPhase;
			buildActionMask = 2147483647;
			files = (
				635AD2681F499A90002AFE0D /* CarouselKitSampleTests.m in Sources */,
			);
			runOnlyForDeploymentPostprocessing = 0;
		};
		635AD27F1F499E3F002AFE0D /* Sources */ = {
			isa = PBXSourcesBuildPhase;
			buildActionMask = 2147483647;
			files = (
				635AD2AF1F49B357002AFE0D /* iCarousel.m in Sources */,
			);
			runOnlyForDeploymentPostprocessing = 0;
		};
		635AD2881F499E3F002AFE0D /* Sources */ = {
			isa = PBXSourcesBuildPhase;
			buildActionMask = 2147483647;
			files = (
				635AD2941F499E3F002AFE0D /* CarouselKitTests.m in Sources */,
			);
			runOnlyForDeploymentPostprocessing = 0;
		};
/* End PBXSourcesBuildPhase section */

/* Begin PBXTargetDependency section */
		635AD2651F499A90002AFE0D /* PBXTargetDependency */ = {
			isa = PBXTargetDependency;
			target = 635AD2491F499A8F002AFE0D /* CarouselKitSample */;
			targetProxy = 635AD2641F499A90002AFE0D /* PBXContainerItemProxy */;
		};
		635AD28F1F499E3F002AFE0D /* PBXTargetDependency */ = {
			isa = PBXTargetDependency;
			target = 635AD2831F499E3F002AFE0D /* CarouselKit */;
			targetProxy = 635AD28E1F499E3F002AFE0D /* PBXContainerItemProxy */;
		};
		635AD2911F499E3F002AFE0D /* PBXTargetDependency */ = {
			isa = PBXTargetDependency;
			target = 635AD2491F499A8F002AFE0D /* CarouselKitSample */;
			targetProxy = 635AD2901F499E3F002AFE0D /* PBXContainerItemProxy */;
		};
		635AD2981F499E3F002AFE0D /* PBXTargetDependency */ = {
			isa = PBXTargetDependency;
			target = 635AD2831F499E3F002AFE0D /* CarouselKit */;
			targetProxy = 635AD2971F499E3F002AFE0D /* PBXContainerItemProxy */;
		};
/* End PBXTargetDependency section */

/* Begin PBXVariantGroup section */
		635AD2561F499A8F002AFE0D /* Main.storyboard */ = {
			isa = PBXVariantGroup;
			children = (
				635AD2571F499A8F002AFE0D /* Base */,
			);
			name = Main.storyboard;
			sourceTree = "<group>";
		};
		635AD25B1F499A8F002AFE0D /* LaunchScreen.storyboard */ = {
			isa = PBXVariantGroup;
			children = (
				635AD25C1F499A8F002AFE0D /* Base */,
			);
			name = LaunchScreen.storyboard;
			sourceTree = "<group>";
		};
/* End PBXVariantGroup section */

/* Begin XCBuildConfiguration section */
		635AD26A1F499A90002AFE0D /* Debug */ = {
			isa = XCBuildConfiguration;
			buildSettings = {
				ALWAYS_SEARCH_USER_PATHS = NO;
				CLANG_ANALYZER_NONNULL = YES;
				CLANG_ANALYZER_NUMBER_OBJECT_CONVERSION = YES_AGGRESSIVE;
				CLANG_CXX_LANGUAGE_STANDARD = "gnu++0x";
				CLANG_CXX_LIBRARY = "libc++";
				CLANG_ENABLE_MODULES = YES;
				CLANG_ENABLE_OBJC_ARC = YES;
				CLANG_WARN_BOOL_CONVERSION = YES;
				CLANG_WARN_CONSTANT_CONVERSION = YES;
				CLANG_WARN_DIRECT_OBJC_ISA_USAGE = YES_ERROR;
				CLANG_WARN_DOCUMENTATION_COMMENTS = YES;
				CLANG_WARN_EMPTY_BODY = YES;
				CLANG_WARN_ENUM_CONVERSION = YES;
				CLANG_WARN_INFINITE_RECURSION = YES;
				CLANG_WARN_INT_CONVERSION = YES;
				CLANG_WARN_OBJC_ROOT_CLASS = YES_ERROR;
				CLANG_WARN_SUSPICIOUS_MOVE = YES;
				CLANG_WARN_UNREACHABLE_CODE = YES;
				CLANG_WARN__DUPLICATE_METHOD_MATCH = YES;
				"CODE_SIGN_IDENTITY[sdk=iphoneos*]" = "iPhone Developer";
				COPY_PHASE_STRIP = NO;
				DEBUG_INFORMATION_FORMAT = dwarf;
				ENABLE_STRICT_OBJC_MSGSEND = YES;
				ENABLE_TESTABILITY = YES;
				GCC_C_LANGUAGE_STANDARD = gnu99;
				GCC_DYNAMIC_NO_PIC = NO;
				GCC_NO_COMMON_BLOCKS = YES;
				GCC_OPTIMIZATION_LEVEL = 0;
				GCC_PREPROCESSOR_DEFINITIONS = (
					"DEBUG=1",
					"$(inherited)",
				);
				GCC_WARN_64_TO_32_BIT_CONVERSION = YES;
				GCC_WARN_ABOUT_RETURN_TYPE = YES_ERROR;
				GCC_WARN_UNDECLARED_SELECTOR = YES;
				GCC_WARN_UNINITIALIZED_AUTOS = YES_AGGRESSIVE;
				GCC_WARN_UNUSED_FUNCTION = YES;
				GCC_WARN_UNUSED_VARIABLE = YES;
				IPHONEOS_DEPLOYMENT_TARGET = 10.3;
				MTL_ENABLE_DEBUG_INFO = YES;
				ONLY_ACTIVE_ARCH = YES;
				SDKROOT = iphoneos;
				TARGETED_DEVICE_FAMILY = "1,2";
			};
			name = Debug;
		};
		635AD26B1F499A90002AFE0D /* Release */ = {
			isa = XCBuildConfiguration;
			buildSettings = {
				ALWAYS_SEARCH_USER_PATHS = NO;
				CLANG_ANALYZER_NONNULL = YES;
				CLANG_ANALYZER_NUMBER_OBJECT_CONVERSION = YES_AGGRESSIVE;
				CLANG_CXX_LANGUAGE_STANDARD = "gnu++0x";
				CLANG_CXX_LIBRARY = "libc++";
				CLANG_ENABLE_MODULES = YES;
				CLANG_ENABLE_OBJC_ARC = YES;
				CLANG_WARN_BOOL_CONVERSION = YES;
				CLANG_WARN_CONSTANT_CONVERSION = YES;
				CLANG_WARN_DIRECT_OBJC_ISA_USAGE = YES_ERROR;
				CLANG_WARN_DOCUMENTATION_COMMENTS = YES;
				CLANG_WARN_EMPTY_BODY = YES;
				CLANG_WARN_ENUM_CONVERSION = YES;
				CLANG_WARN_INFINITE_RECURSION = YES;
				CLANG_WARN_INT_CONVERSION = YES;
				CLANG_WARN_OBJC_ROOT_CLASS = YES_ERROR;
				CLANG_WARN_SUSPICIOUS_MOVE = YES;
				CLANG_WARN_UNREACHABLE_CODE = YES;
				CLANG_WARN__DUPLICATE_METHOD_MATCH = YES;
				"CODE_SIGN_IDENTITY[sdk=iphoneos*]" = "iPhone Developer";
				COPY_PHASE_STRIP = NO;
				DEBUG_INFORMATION_FORMAT = "dwarf-with-dsym";
				ENABLE_NS_ASSERTIONS = NO;
				ENABLE_STRICT_OBJC_MSGSEND = YES;
				GCC_C_LANGUAGE_STANDARD = gnu99;
				GCC_NO_COMMON_BLOCKS = YES;
				GCC_WARN_64_TO_32_BIT_CONVERSION = YES;
				GCC_WARN_ABOUT_RETURN_TYPE = YES_ERROR;
				GCC_WARN_UNDECLARED_SELECTOR = YES;
				GCC_WARN_UNINITIALIZED_AUTOS = YES_AGGRESSIVE;
				GCC_WARN_UNUSED_FUNCTION = YES;
				GCC_WARN_UNUSED_VARIABLE = YES;
				IPHONEOS_DEPLOYMENT_TARGET = 10.3;
				MTL_ENABLE_DEBUG_INFO = NO;
				SDKROOT = iphoneos;
				TARGETED_DEVICE_FAMILY = "1,2";
				VALIDATE_PRODUCT = YES;
			};
			name = Release;
		};
		635AD26D1F499A90002AFE0D /* Debug */ = {
			isa = XCBuildConfiguration;
			buildSettings = {
				ASSETCATALOG_COMPILER_APPICON_NAME = AppIcon;
				DEVELOPMENT_TEAM = 4T9J35ZW6C;
				INFOPLIST_FILE = CarouselKitSample/Info.plist;
				LD_RUNPATH_SEARCH_PATHS = "$(inherited) @executable_path/Frameworks";
				PRODUCT_BUNDLE_IDENTIFIER = com.songjiaqiang.CarouselKitSample;
				PRODUCT_NAME = "$(TARGET_NAME)";
			};
			name = Debug;
		};
		635AD26E1F499A90002AFE0D /* Release */ = {
			isa = XCBuildConfiguration;
			buildSettings = {
				ASSETCATALOG_COMPILER_APPICON_NAME = AppIcon;
				DEVELOPMENT_TEAM = 4T9J35ZW6C;
				INFOPLIST_FILE = CarouselKitSample/Info.plist;
				LD_RUNPATH_SEARCH_PATHS = "$(inherited) @executable_path/Frameworks";
				PRODUCT_BUNDLE_IDENTIFIER = com.songjiaqiang.CarouselKitSample;
				PRODUCT_NAME = "$(TARGET_NAME)";
			};
			name = Release;
		};
		635AD2701F499A90002AFE0D /* Debug */ = {
			isa = XCBuildConfiguration;
			buildSettings = {
				BUNDLE_LOADER = "$(TEST_HOST)";
				DEVELOPMENT_TEAM = 4T9J35ZW6C;
				INFOPLIST_FILE = CarouselKitSampleTests/Info.plist;
				LD_RUNPATH_SEARCH_PATHS = "$(inherited) @executable_path/Frameworks @loader_path/Frameworks";
				PRODUCT_BUNDLE_IDENTIFIER = com.songjiaqiang.CarouselKitSampleTests;
				PRODUCT_NAME = "$(TARGET_NAME)";
				TEST_HOST = "$(BUILT_PRODUCTS_DIR)/CarouselKitSample.app/CarouselKitSample";
			};
			name = Debug;
		};
		635AD2711F499A90002AFE0D /* Release */ = {
			isa = XCBuildConfiguration;
			buildSettings = {
				BUNDLE_LOADER = "$(TEST_HOST)";
				DEVELOPMENT_TEAM = 4T9J35ZW6C;
				INFOPLIST_FILE = CarouselKitSampleTests/Info.plist;
				LD_RUNPATH_SEARCH_PATHS = "$(inherited) @executable_path/Frameworks @loader_path/Frameworks";
				PRODUCT_BUNDLE_IDENTIFIER = com.songjiaqiang.CarouselKitSampleTests;
				PRODUCT_NAME = "$(TARGET_NAME)";
				TEST_HOST = "$(BUILT_PRODUCTS_DIR)/CarouselKitSample.app/CarouselKitSample";
			};
			name = Release;
		};
		635AD29C1F499E3F002AFE0D /* Debug */ = {
			isa = XCBuildConfiguration;
			buildSettings = {
				CODE_SIGN_IDENTITY = "";
				CURRENT_PROJECT_VERSION = 1;
				DEFINES_MODULE = YES;
				DEVELOPMENT_TEAM = 4T9J35ZW6C;
				DYLIB_COMPATIBILITY_VERSION = 1;
				DYLIB_CURRENT_VERSION = 1;
				DYLIB_INSTALL_NAME_BASE = "@rpath";
				INFOPLIST_FILE = CarouselKit/Info.plist;
				INSTALL_PATH = "$(LOCAL_LIBRARY_DIR)/Frameworks";
				IPHONEOS_DEPLOYMENT_TARGET = 8.0;
				LD_RUNPATH_SEARCH_PATHS = "$(inherited) @executable_path/Frameworks @loader_path/Frameworks";
				PRODUCT_BUNDLE_IDENTIFIER = com.songjiaqiang.CarouselKit;
				PRODUCT_NAME = "$(TARGET_NAME)";
				SKIP_INSTALL = YES;
				VERSIONING_SYSTEM = "apple-generic";
				VERSION_INFO_PREFIX = "";
			};
			name = Debug;
		};
		635AD29D1F499E3F002AFE0D /* Release */ = {
			isa = XCBuildConfiguration;
			buildSettings = {
				CODE_SIGN_IDENTITY = "";
				CURRENT_PROJECT_VERSION = 1;
				DEFINES_MODULE = YES;
				DEVELOPMENT_TEAM = 4T9J35ZW6C;
				DYLIB_COMPATIBILITY_VERSION = 1;
				DYLIB_CURRENT_VERSION = 1;
				DYLIB_INSTALL_NAME_BASE = "@rpath";
				INFOPLIST_FILE = CarouselKit/Info.plist;
				INSTALL_PATH = "$(LOCAL_LIBRARY_DIR)/Frameworks";
				IPHONEOS_DEPLOYMENT_TARGET = 8.0;
				LD_RUNPATH_SEARCH_PATHS = "$(inherited) @executable_path/Frameworks @loader_path/Frameworks";
				PRODUCT_BUNDLE_IDENTIFIER = com.songjiaqiang.CarouselKit;
				PRODUCT_NAME = "$(TARGET_NAME)";
				SKIP_INSTALL = YES;
				VERSIONING_SYSTEM = "apple-generic";
				VERSION_INFO_PREFIX = "";
			};
			name = Release;
		};
		635AD2A01F499E3F002AFE0D /* Debug */ = {
			isa = XCBuildConfiguration;
			buildSettings = {
				DEVELOPMENT_TEAM = 4T9J35ZW6C;
				INFOPLIST_FILE = CarouselKitTests/Info.plist;
				LD_RUNPATH_SEARCH_PATHS = "$(inherited) @executable_path/Frameworks @loader_path/Frameworks";
				PRODUCT_BUNDLE_IDENTIFIER = com.songjiaqiang.CarouselKitTests;
				PRODUCT_NAME = "$(TARGET_NAME)";
				TEST_HOST = "$(BUILT_PRODUCTS_DIR)/CarouselKitSample.app/CarouselKitSample";
			};
			name = Debug;
		};
		635AD2A11F499E3F002AFE0D /* Release */ = {
			isa = XCBuildConfiguration;
			buildSettings = {
				DEVELOPMENT_TEAM = 4T9J35ZW6C;
				INFOPLIST_FILE = CarouselKitTests/Info.plist;
				LD_RUNPATH_SEARCH_PATHS = "$(inherited) @executable_path/Frameworks @loader_path/Frameworks";
				PRODUCT_BUNDLE_IDENTIFIER = com.songjiaqiang.CarouselKitTests;
				PRODUCT_NAME = "$(TARGET_NAME)";
				TEST_HOST = "$(BUILT_PRODUCTS_DIR)/CarouselKitSample.app/CarouselKitSample";
			};
			name = Release;
		};
/* End XCBuildConfiguration section */

/* Begin XCConfigurationList section */
		635AD2451F499A8F002AFE0D /* Build configuration list for PBXProject "CarouselKitSample" */ = {
			isa = XCConfigurationList;
			buildConfigurations = (
				635AD26A1F499A90002AFE0D /* Debug */,
				635AD26B1F499A90002AFE0D /* Release */,
			);
			defaultConfigurationIsVisible = 0;
			defaultConfigurationName = Release;
		};
		635AD26C1F499A90002AFE0D /* Build configuration list for PBXNativeTarget "CarouselKitSample" */ = {
			isa = XCConfigurationList;
			buildConfigurations = (
				635AD26D1F499A90002AFE0D /* Debug */,
				635AD26E1F499A90002AFE0D /* Release */,
			);
			defaultConfigurationIsVisible = 0;
			defaultConfigurationName = Release;
		};
		635AD26F1F499A90002AFE0D /* Build configuration list for PBXNativeTarget "CarouselKitSampleTests" */ = {
			isa = XCConfigurationList;
			buildConfigurations = (
				635AD2701F499A90002AFE0D /* Debug */,
				635AD2711F499A90002AFE0D /* Release */,
			);
			defaultConfigurationIsVisible = 0;
			defaultConfigurationName = Release;
		};
		635AD29B1F499E3F002AFE0D /* Build configuration list for PBXNativeTarget "CarouselKit" */ = {
			isa = XCConfigurationList;
			buildConfigurations = (
				635AD29C1F499E3F002AFE0D /* Debug */,
				635AD29D1F499E3F002AFE0D /* Release */,
			);
			defaultConfigurationIsVisible = 0;
			defaultConfigurationName = Release;
		};
		635AD29F1F499E3F002AFE0D /* Build configuration list for PBXNativeTarget "CarouselKitTests" */ = {
			isa = XCConfigurationList;
			buildConfigurations = (
				635AD2A01F499E3F002AFE0D /* Debug */,
				635AD2A11F499E3F002AFE0D /* Release */,
			);
			defaultConfigurationIsVisible = 0;
			defaultConfigurationName = Release;
		};
/* End XCConfigurationList section */
	};
	rootObject = 635AD2421F499A8F002AFE0D /* Project object */;
}
